
Microsoft Visual Studio Solution File, Format Version 12.00
# Visual Studio Version 17
VisualStudioVersion = 17.7.34031.279
MinimumVisualStudioVersion = 10.0.40219.1
Project("{FAE04EC0-301F-11D3-BF4B-00C04F79EFBC}") = "ProjekatSkola", "ProjekatSkola\ProjekatSkola.csproj", "{1947D1F2-B950-4C2D-9C28-6C0265D47D60}"
EndProject
Global
	GlobalSection(SolutionConfigurationPlatforms) = preSolution
		Debug|Any CPU = Debug|Any CPU
		Release|Any CPU = Release|Any CPU
	EndGlobalSection
	GlobalSection(ProjectConfigurationPlatforms) = postSolution
		{1947D1F2-B950-4C2D-9C28-6C0265D47D60}.Debug|Any CPU.ActiveCfg = Debug|Any CPU
		{1947D1F2-B950-4C2D-9C28-6C0265D47D60}.Debug|Any CPU.Build.0 = Debug|Any CPU
		{1947D1F2-B950-4C2D-9C28-6C0265D47D60}.Release|Any CPU.ActiveCfg = Release|Any CPU
		{1947D1F2-B950-4C2D-9C28-6C0265D47D60}.Release|Any CPU.Build.0 = Release|Any CPU
	EndGlobalSection
	GlobalSection(SolutionProperties) = preSolution
		HideSolutionNode = FALSE
	EndGlobalSection
	GlobalSection(ExtensibilityGlobals) = postSolution
		SolutionGuid = {08471FD5-4BF9-403C-A245-C9C6B878C4BF}
	EndGlobalSection
EndGlobal
